
Microsoft Visual Studio Solution File, Format Version 12.00
# Visual Studio Version 17
VisualStudioVersion = 17.5.002.0
MinimumVisualStudioVersion = 10.0.40219.1
Project("{2150E333-8FDC-42A3-9474-1A3956D46DE8}") = "Service", "Service", "{8FA01541-EF52-4722-BF47-6494ECD1A3D8}"
EndProject
Project("{9A19103F-16F7-4668-BE54-9A1E7A4F7556}") = "OrderService", "Service\OrderService\OrderService.csproj", "{26DB91F9-F93C-4C4B-A548-A6FFB25D4FDB}"
EndProject
Global
	GlobalSection(SolutionConfigurationPlatforms) = preSolution
		Debug|Any CPU = Debug|Any CPU
		Release|Any CPU = Release|Any CPU
	EndGlobalSection
	GlobalSection(ProjectConfigurationPlatforms) = postSolution
		{26DB91F9-F93C-4C4B-A548-A6FFB25D4FDB}.Debug|Any CPU.ActiveCfg = Debug|Any CPU
		{26DB91F9-F93C-4C4B-A548-A6FFB25D4FDB}.Debug|Any CPU.Build.0 = Debug|Any CPU
		{26DB91F9-F93C-4C4B-A548-A6FFB25D4FDB}.Release|Any CPU.ActiveCfg = Release|Any CPU
		{26DB91F9-F93C-4C4B-A548-A6FFB25D4FDB}.Release|Any CPU.Build.0 = Release|Any CPU
	EndGlobalSection
	GlobalSection(SolutionProperties) = preSolution
		HideSolutionNode = FALSE
	EndGlobalSection
	GlobalSection(NestedProjects) = preSolution
		{26DB91F9-F93C-4C4B-A548-A6FFB25D4FDB} = {8FA01541-EF52-4722-BF47-6494ECD1A3D8}
	EndGlobalSection
	GlobalSection(ExtensibilityGlobals) = postSolution
		SolutionGuid = {DBD885B6-35D8-4225-8CB7-40B5569B248D}
	EndGlobalSection
EndGlobal
